// !$*UTF8*$!
{
	archiveVersion = 1;
	classes = {
	};
	objectVersion = 46;
	objects = {

/* Begin PBXAggregateTarget section */
		A61288B91816366B0081908F /* Diamond-iOS */ = {
			isa = PBXAggregateTarget;
			buildConfigurationList = A61288BA1816366B0081908F /* Build configuration list for PBXAggregateTarget "Diamond-iOS" */;
			buildPhases = (
				A61288BF181636C90081908F /* Build Library */,
				A61288C0181636FE0081908F /* Assemble Frameworks */,
				A61288C1181637260081908F /* ShellScript */,
			);
			dependencies = (
			);
			name = "Diamond-iOS";
			productName = "Diamond-iOS";
		};
/* End PBXAggregateTarget section */

/* Begin PBXBuildFile section */
		231CF010180E69E0001A5003 /* SenTestingKit.framework in Frameworks */ = {isa = PBXBuildFile; fileRef = 231CF00F180E69E0001A5003 /* SenTestingKit.framework */; };
		231CF011180E69E0001A5003 /* UIKit.framework in Frameworks */ = {isa = PBXBuildFile; fileRef = A6CD5E941809683300D4F6AD /* UIKit.framework */; };
		231CF012180E69E0001A5003 /* Foundation.framework in Frameworks */ = {isa = PBXBuildFile; fileRef = A6CD5E901809683300D4F6AD /* Foundation.framework */; };
		231CF024180E69F2001A5003 /* DIADelegateChainSpec.m in Sources */ = {isa = PBXBuildFile; fileRef = A6BE4706180BFD3F00C59C32 /* DIADelegateChainSpec.m */; };
		231CF025180E69F2001A5003 /* DIACollectionSpec.m in Sources */ = {isa = PBXBuildFile; fileRef = A6BE4707180BFD3F00C59C32 /* DIACollectionSpec.m */; };
		231CF026180E6BB1001A5003 /* libDiamond.a in Frameworks */ = {isa = PBXBuildFile; fileRef = A6BE471C180BFD9A00C59C32 /* libDiamond.a */; };
		A61288B3181636240081908F /* DIACollection.h in Copy Files */ = {isa = PBXBuildFile; fileRef = A6BE46F4180BFD3F00C59C32 /* DIACollection.h */; };
		A61288B4181636240081908F /* DIADataSourceCollection.h in Copy Files */ = {isa = PBXBuildFile; fileRef = A6B7EC4F180D743000F7BC9D /* DIADataSourceCollection.h */; };
		A61288B5181636240081908F /* DIACollection+NSKeyValueCoding.h in Copy Files */ = {isa = PBXBuildFile; fileRef = A6BE46F1180BFD3F00C59C32 /* DIACollection+NSKeyValueCoding.h */; };
		A61288B6181636240081908F /* DIACollection+NSKeyValueObserving.h in Copy Files */ = {isa = PBXBuildFile; fileRef = A6BE46F2180BFD3F00C59C32 /* DIACollection+NSKeyValueObserving.h */; };
		A61288B7181636240081908F /* DIACollection+NSOrderedSet.h in Copy Files */ = {isa = PBXBuildFile; fileRef = A6BE46F3180BFD3F00C59C32 /* DIACollection+NSOrderedSet.h */; };
		A61288B8181636240081908F /* DIADelegateChain.h in Copy Files */ = {isa = PBXBuildFile; fileRef = A6BE46F6180BFD3F00C59C32 /* DIADelegateChain.h */; };
		A61288D0181642B40081908F /* Diamond-iOS.framework in Frameworks */ = {isa = PBXBuildFile; fileRef = A61288CF181642A20081908F /* Diamond-iOS.framework */; };
		A63D958B181571E8006F7E5C /* Pokemon.m in Sources */ = {isa = PBXBuildFile; fileRef = A678420C181570F9003C4954 /* Pokemon.m */; };
		A6544A2E18117A85002EB045 /* libKiwi.a in Frameworks */ = {isa = PBXBuildFile; fileRef = A6544A2318117A13002EB045 /* libKiwi.a */; };
		A67842091815709D003C4954 /* DIAMainViewController.m in Sources */ = {isa = PBXBuildFile; fileRef = A67842081815709D003C4954 /* DIAMainViewController.m */; };
		A678420D181570F9003C4954 /* pokedex.json in Resources */ = {isa = PBXBuildFile; fileRef = A678420A181570F9003C4954 /* pokedex.json */; };
		A678420E181570F9003C4954 /* Pokemon.m in Sources */ = {isa = PBXBuildFile; fileRef = A678420C181570F9003C4954 /* Pokemon.m */; };
		A6B7EC51180D743000F7BC9D /* DIADataSourceCollection.h in Headers */ = {isa = PBXBuildFile; fileRef = A6B7EC4F180D743000F7BC9D /* DIADataSourceCollection.h */; };
		A6B7EC52180D743000F7BC9D /* DIADataSourceCollection.m in Sources */ = {isa = PBXBuildFile; fileRef = A6B7EC50180D743000F7BC9D /* DIADataSourceCollection.m */; };
		A6BE470E180BFD3F00C59C32 /* DIAAppDelegate.m in Sources */ = {isa = PBXBuildFile; fileRef = A6BE46FC180BFD3F00C59C32 /* DIAAppDelegate.m */; };
		A6BE4711180BFD3F00C59C32 /* InfoPlist.strings in Resources */ = {isa = PBXBuildFile; fileRef = A6BE4701180BFD3F00C59C32 /* InfoPlist.strings */; };
		A6BE4712180BFD3F00C59C32 /* Images.xcassets in Resources */ = {isa = PBXBuildFile; fileRef = A6BE4703180BFD3F00C59C32 /* Images.xcassets */; };
		A6BE4713180BFD3F00C59C32 /* main.m in Sources */ = {isa = PBXBuildFile; fileRef = A6BE4704180BFD3F00C59C32 /* main.m */; };
		A6BE471D180BFD9A00C59C32 /* Foundation.framework in Frameworks */ = {isa = PBXBuildFile; fileRef = A6CD5E901809683300D4F6AD /* Foundation.framework */; };
		A6BE4722180BFD9A00C59C32 /* Diamond.h in Copy Files */ = {isa = PBXBuildFile; fileRef = A6BE4721180BFD9A00C59C32 /* Diamond.h */; };
		A6BE474F180C00B600C59C32 /* DIACollection.m in Sources */ = {isa = PBXBuildFile; fileRef = A6BE46F5180BFD3F00C59C32 /* DIACollection.m */; };
		A6BE4750180C00B600C59C32 /* DIADelegateChain.m in Sources */ = {isa = PBXBuildFile; fileRef = A6BE46F7180BFD3F00C59C32 /* DIADelegateChain.m */; };
		A6BE4753180C011300C59C32 /* Diamond.h in Headers */ = {isa = PBXBuildFile; fileRef = A6BE4721180BFD9A00C59C32 /* Diamond.h */; };
		A6BE4754180C011300C59C32 /* DIACollection.h in Headers */ = {isa = PBXBuildFile; fileRef = A6BE46F4180BFD3F00C59C32 /* DIACollection.h */; };
		A6BE4755180C011300C59C32 /* DIACollection+NSKeyValueCoding.h in Headers */ = {isa = PBXBuildFile; fileRef = A6BE46F1180BFD3F00C59C32 /* DIACollection+NSKeyValueCoding.h */; };
		A6BE4756180C011300C59C32 /* DIACollection+NSKeyValueObserving.h in Headers */ = {isa = PBXBuildFile; fileRef = A6BE46F2180BFD3F00C59C32 /* DIACollection+NSKeyValueObserving.h */; };
		A6BE4757180C011300C59C32 /* DIACollection+NSOrderedSet.h in Headers */ = {isa = PBXBuildFile; fileRef = A6BE46F3180BFD3F00C59C32 /* DIACollection+NSOrderedSet.h */; };
		A6BE4758180C011300C59C32 /* DIADelegateChain.h in Headers */ = {isa = PBXBuildFile; fileRef = A6BE46F6180BFD3F00C59C32 /* DIADelegateChain.h */; };
		A6CA7A971815735500A9B1EB /* Main.storyboard in Resources */ = {isa = PBXBuildFile; fileRef = A63D9591181571FA006F7E5C /* Main.storyboard */; };
		A6CD5E911809683300D4F6AD /* Foundation.framework in Frameworks */ = {isa = PBXBuildFile; fileRef = A6CD5E901809683300D4F6AD /* Foundation.framework */; };
		A6CD5E931809683300D4F6AD /* CoreGraphics.framework in Frameworks */ = {isa = PBXBuildFile; fileRef = A6CD5E921809683300D4F6AD /* CoreGraphics.framework */; };
		A6CD5E951809683300D4F6AD /* UIKit.framework in Frameworks */ = {isa = PBXBuildFile; fileRef = A6CD5E941809683300D4F6AD /* UIKit.framework */; };
		A6DF7473181571C300D77233 /* DIAPokemonSpec.m in Sources */ = {isa = PBXBuildFile; fileRef = A6DF7472181571C300D77233 /* DIAPokemonSpec.m */; };
/* End PBXBuildFile section */

/* Begin PBXContainerItemProxy section */
		231CF022180E69E7001A5003 /* PBXContainerItemProxy */ = {
			isa = PBXContainerItemProxy;
			containerPortal = A6CD5E851809683300D4F6AD /* Project object */;
			proxyType = 1;
			remoteGlobalIDString = A6BE471B180BFD9A00C59C32;
			remoteInfo = Diamond;
		};
		A6544A2218117A13002EB045 /* PBXContainerItemProxy */ = {
			isa = PBXContainerItemProxy;
			containerPortal = A6544A1918117A13002EB045 /* Kiwi.xcodeproj */;
			proxyType = 2;
			remoteGlobalIDString = F5015B9F11583A77002E9A98;
			remoteInfo = Kiwi;
		};
		A6544A2418117A13002EB045 /* PBXContainerItemProxy */ = {
			isa = PBXContainerItemProxy;
			containerPortal = A6544A1918117A13002EB045 /* Kiwi.xcodeproj */;
			proxyType = 2;
			remoteGlobalIDString = 832C83C7157263B300F160D5;
			remoteInfo = "Kiwi-OSX";
		};
		A6544A2618117A13002EB045 /* PBXContainerItemProxy */ = {
			isa = PBXContainerItemProxy;
			containerPortal = A6544A1918117A13002EB045 /* Kiwi.xcodeproj */;
			proxyType = 2;
			remoteGlobalIDString = F5015C9E11584017002E9A98;
			remoteInfo = KiwiTests;
		};
		A6544A2818117A13002EB045 /* PBXContainerItemProxy */ = {
			isa = PBXContainerItemProxy;
			containerPortal = A6544A1918117A13002EB045 /* Kiwi.xcodeproj */;
			proxyType = 2;
			remoteGlobalIDString = DA084E7317E3838100592D5A;
			remoteInfo = "Kiwi-XCTest";
		};
		A6544A2A18117A13002EB045 /* PBXContainerItemProxy */ = {
			isa = PBXContainerItemProxy;
			containerPortal = A6544A1918117A13002EB045 /* Kiwi.xcodeproj */;
			proxyType = 2;
			remoteGlobalIDString = DA084D3E17E3804200592D5A;
			remoteInfo = KiwiXCTests;
		};
		A6544A2C18117A7E002EB045 /* PBXContainerItemProxy */ = {
			isa = PBXContainerItemProxy;
			containerPortal = A6544A1918117A13002EB045 /* Kiwi.xcodeproj */;
			proxyType = 1;
			remoteGlobalIDString = F5015B9E11583A77002E9A98;
			remoteInfo = Kiwi;
		};
		A668CFC618166776004B29BF /* PBXContainerItemProxy */ = {
			isa = PBXContainerItemProxy;
			containerPortal = A6CD5E851809683300D4F6AD /* Project object */;
			proxyType = 1;
			remoteGlobalIDString = A61288B91816366B0081908F;
			remoteInfo = "Diamond-iOS";
		};
/* End PBXContainerItemProxy section */

/* Begin PBXCopyFilesBuildPhase section */
		A6BE471A180BFD9A00C59C32 /* Copy Files */ = {
			isa = PBXCopyFilesBuildPhase;
			buildActionMask = 2147483647;
			dstPath = Headers;
			dstSubfolderSpec = 16;
			files = (
				A61288B3181636240081908F /* DIACollection.h in Copy Files */,
				A61288B4181636240081908F /* DIADataSourceCollection.h in Copy Files */,
				A61288B5181636240081908F /* DIACollection+NSKeyValueCoding.h in Copy Files */,
				A61288B6181636240081908F /* DIACollection+NSKeyValueObserving.h in Copy Files */,
				A61288B7181636240081908F /* DIACollection+NSOrderedSet.h in Copy Files */,
				A61288B8181636240081908F /* DIADelegateChain.h in Copy Files */,
				A6BE4722180BFD9A00C59C32 /* Diamond.h in Copy Files */,
			);
			name = "Copy Files";
			runOnlyForDeploymentPostprocessing = 0;
		};
/* End PBXCopyFilesBuildPhase section */

/* Begin PBXFileReference section */
		231CF00E180E69E0001A5003 /* DiamondTests.octest */ = {isa = PBXFileReference; explicitFileType = wrapper.cfbundle; includeInIndex = 0; path = DiamondTests.octest; sourceTree = BUILT_PRODUCTS_DIR; };
		231CF00F180E69E0001A5003 /* SenTestingKit.framework */ = {isa = PBXFileReference; lastKnownFileType = wrapper.framework; name = SenTestingKit.framework; path = Library/Frameworks/SenTestingKit.framework; sourceTree = DEVELOPER_DIR; };
		A61288CF181642A20081908F /* Diamond-iOS.framework */ = {isa = PBXFileReference; lastKnownFileType = wrapper.framework; name = "Diamond-iOS.framework"; path = "output/Debug-iphoneuniversal/Diamond-iOS.framework"; sourceTree = "<group>"; };
		A63D9592181571FA006F7E5C /* Base */ = {isa = PBXFileReference; lastKnownFileType = file.storyboard; name = Base; path = Base.lproj/Main.storyboard; sourceTree = "<group>"; };
		A6544A1918117A13002EB045 /* Kiwi.xcodeproj */ = {isa = PBXFileReference; lastKnownFileType = "wrapper.pb-project"; name = Kiwi.xcodeproj; path = Kiwi/Kiwi.xcodeproj; sourceTree = "<group>"; };
		A67797E9180C2508001BB0E9 /* Common.xcconfig */ = {isa = PBXFileReference; lastKnownFileType = text.xcconfig; path = Common.xcconfig; sourceTree = "<group>"; };
		A67797EB180C2508001BB0E9 /* Debug.xcconfig */ = {isa = PBXFileReference; lastKnownFileType = text.xcconfig; path = Debug.xcconfig; sourceTree = "<group>"; };
		A67797EC180C2508001BB0E9 /* Profile.xcconfig */ = {isa = PBXFileReference; lastKnownFileType = text.xcconfig; path = Profile.xcconfig; sourceTree = "<group>"; };
		A67797ED180C2508001BB0E9 /* Release.xcconfig */ = {isa = PBXFileReference; lastKnownFileType = text.xcconfig; path = Release.xcconfig; sourceTree = "<group>"; };
		A67797EE180C2508001BB0E9 /* Test.xcconfig */ = {isa = PBXFileReference; lastKnownFileType = text.xcconfig; path = Test.xcconfig; sourceTree = "<group>"; };
		A67797F0180C2508001BB0E9 /* Application.xcconfig */ = {isa = PBXFileReference; lastKnownFileType = text.xcconfig; path = Application.xcconfig; sourceTree = "<group>"; };
		A67797F1180C2508001BB0E9 /* StaticLibrary.xcconfig */ = {isa = PBXFileReference; lastKnownFileType = text.xcconfig; path = StaticLibrary.xcconfig; sourceTree = "<group>"; };
		A67797F3180C2508001BB0E9 /* iOS-Application.xcconfig */ = {isa = PBXFileReference; lastKnownFileType = text.xcconfig; path = "iOS-Application.xcconfig"; sourceTree = "<group>"; };
		A67797F4180C2508001BB0E9 /* iOS-Base.xcconfig */ = {isa = PBXFileReference; lastKnownFileType = text.xcconfig; path = "iOS-Base.xcconfig"; sourceTree = "<group>"; };
		A67797F5180C2508001BB0E9 /* iOS-StaticLibrary.xcconfig */ = {isa = PBXFileReference; lastKnownFileType = text.xcconfig; path = "iOS-StaticLibrary.xcconfig"; sourceTree = "<group>"; };
		A67797F7180C2508001BB0E9 /* Mac-Application.xcconfig */ = {isa = PBXFileReference; lastKnownFileType = text.xcconfig; path = "Mac-Application.xcconfig"; sourceTree = "<group>"; };
		A67797F8180C2508001BB0E9 /* Mac-Base.xcconfig */ = {isa = PBXFileReference; lastKnownFileType = text.xcconfig; path = "Mac-Base.xcconfig"; sourceTree = "<group>"; };
		A67797F9180C2508001BB0E9 /* Mac-DynamicLibrary.xcconfig */ = {isa = PBXFileReference; lastKnownFileType = text.xcconfig; path = "Mac-DynamicLibrary.xcconfig"; sourceTree = "<group>"; };
		A67797FA180C2508001BB0E9 /* Mac-Framework.xcconfig */ = {isa = PBXFileReference; lastKnownFileType = text.xcconfig; path = "Mac-Framework.xcconfig"; sourceTree = "<group>"; };
		A67797FB180C2508001BB0E9 /* Mac-StaticLibrary.xcconfig */ = {isa = PBXFileReference; lastKnownFileType = text.xcconfig; path = "Mac-StaticLibrary.xcconfig"; sourceTree = "<group>"; };
		A67797FC180C2508001BB0E9 /* README.md */ = {isa = PBXFileReference; lastKnownFileType = text; path = README.md; sourceTree = "<group>"; };
		A67842071815709D003C4954 /* DIAMainViewController.h */ = {isa = PBXFileReference; fileEncoding = 4; lastKnownFileType = sourcecode.c.h; path = DIAMainViewController.h; sourceTree = "<group>"; };
		A67842081815709D003C4954 /* DIAMainViewController.m */ = {isa = PBXFileReference; fileEncoding = 4; lastKnownFileType = sourcecode.c.objc; path = DIAMainViewController.m; sourceTree = "<group>"; };
		A678420A181570F9003C4954 /* pokedex.json */ = {isa = PBXFileReference; fileEncoding = 4; lastKnownFileType = text.json; path = pokedex.json; sourceTree = "<group>"; };
		A678420B181570F9003C4954 /* Pokemon.h */ = {isa = PBXFileReference; fileEncoding = 4; lastKnownFileType = sourcecode.c.h; path = Pokemon.h; sourceTree = "<group>"; };
		A678420C181570F9003C4954 /* Pokemon.m */ = {isa = PBXFileReference; fileEncoding = 4; lastKnownFileType = sourcecode.c.objc; path = Pokemon.m; sourceTree = "<group>"; };
		A6B7EC4F180D743000F7BC9D /* DIADataSourceCollection.h */ = {isa = PBXFileReference; fileEncoding = 4; lastKnownFileType = sourcecode.c.h; path = DIADataSourceCollection.h; sourceTree = "<group>"; };
		A6B7EC50180D743000F7BC9D /* DIADataSourceCollection.m */ = {isa = PBXFileReference; fileEncoding = 4; lastKnownFileType = sourcecode.c.objc; path = DIADataSourceCollection.m; sourceTree = "<group>"; };
		A6BE46F1180BFD3F00C59C32 /* DIACollection+NSKeyValueCoding.h */ = {isa = PBXFileReference; fileEncoding = 4; lastKnownFileType = sourcecode.c.h; path = "DIACollection+NSKeyValueCoding.h"; sourceTree = "<group>"; };
		A6BE46F2180BFD3F00C59C32 /* DIACollection+NSKeyValueObserving.h */ = {isa = PBXFileReference; fileEncoding = 4; lastKnownFileType = sourcecode.c.h; path = "DIACollection+NSKeyValueObserving.h"; sourceTree = "<group>"; };
		A6BE46F3180BFD3F00C59C32 /* DIACollection+NSOrderedSet.h */ = {isa = PBXFileReference; fileEncoding = 4; lastKnownFileType = sourcecode.c.h; path = "DIACollection+NSOrderedSet.h"; sourceTree = "<group>"; };
		A6BE46F4180BFD3F00C59C32 /* DIACollection.h */ = {isa = PBXFileReference; fileEncoding = 4; lastKnownFileType = sourcecode.c.h; path = DIACollection.h; sourceTree = "<group>"; };
		A6BE46F5180BFD3F00C59C32 /* DIACollection.m */ = {isa = PBXFileReference; fileEncoding = 4; lastKnownFileType = sourcecode.c.objc; path = DIACollection.m; sourceTree = "<group>"; };
		A6BE46F6180BFD3F00C59C32 /* DIADelegateChain.h */ = {isa = PBXFileReference; fileEncoding = 4; lastKnownFileType = sourcecode.c.h; path = DIADelegateChain.h; sourceTree = "<group>"; };
		A6BE46F7180BFD3F00C59C32 /* DIADelegateChain.m */ = {isa = PBXFileReference; fileEncoding = 4; lastKnownFileType = sourcecode.c.objc; path = DIADelegateChain.m; sourceTree = "<group>"; };
		A6BE46FB180BFD3F00C59C32 /* DIAAppDelegate.h */ = {isa = PBXFileReference; fileEncoding = 4; lastKnownFileType = sourcecode.c.h; path = DIAAppDelegate.h; sourceTree = "<group>"; };
		A6BE46FC180BFD3F00C59C32 /* DIAAppDelegate.m */ = {isa = PBXFileReference; fileEncoding = 4; lastKnownFileType = sourcecode.c.objc; path = DIAAppDelegate.m; sourceTree = "<group>"; };
		A6BE4702180BFD3F00C59C32 /* en */ = {isa = PBXFileReference; lastKnownFileType = text.plist.strings; name = en; path = en.lproj/InfoPlist.strings; sourceTree = "<group>"; };
		A6BE4703180BFD3F00C59C32 /* Images.xcassets */ = {isa = PBXFileReference; lastKnownFileType = folder.assetcatalog; path = Images.xcassets; sourceTree = "<group>"; };
		A6BE4704180BFD3F00C59C32 /* main.m */ = {isa = PBXFileReference; fileEncoding = 4; lastKnownFileType = sourcecode.c.objc; path = main.m; sourceTree = "<group>"; };
		A6BE4706180BFD3F00C59C32 /* DIADelegateChainSpec.m */ = {isa = PBXFileReference; fileEncoding = 4; lastKnownFileType = sourcecode.c.objc; path = DIADelegateChainSpec.m; sourceTree = "<group>"; };
		A6BE4707180BFD3F00C59C32 /* DIACollectionSpec.m */ = {isa = PBXFileReference; fileEncoding = 4; lastKnownFileType = sourcecode.c.objc; path = DIACollectionSpec.m; sourceTree = "<group>"; };
		A6BE471C180BFD9A00C59C32 /* libDiamond.a */ = {isa = PBXFileReference; explicitFileType = archive.ar; includeInIndex = 0; path = libDiamond.a; sourceTree = BUILT_PRODUCTS_DIR; };
		A6BE4720180BFD9A00C59C32 /* Diamond-Prefix.pch */ = {isa = PBXFileReference; lastKnownFileType = sourcecode.c.h; path = "Diamond-Prefix.pch"; sourceTree = "<group>"; };
		A6BE4721180BFD9A00C59C32 /* Diamond.h */ = {isa = PBXFileReference; lastKnownFileType = sourcecode.c.h; path = Diamond.h; sourceTree = "<group>"; };
		A6BE4732180BFD9A00C59C32 /* DiamondTests-Info.plist */ = {isa = PBXFileReference; lastKnownFileType = text.plist.xml; path = "DiamondTests-Info.plist"; sourceTree = "<group>"; };
		A6BE4734180BFD9A00C59C32 /* en */ = {isa = PBXFileReference; lastKnownFileType = text.plist.strings; name = en; path = en.lproj/InfoPlist.strings; sourceTree = "<group>"; };
		A6BE4740180BFE9C00C59C32 /* DiamondExample-Info.plist */ = {isa = PBXFileReference; fileEncoding = 4; lastKnownFileType = text.plist.xml; path = "DiamondExample-Info.plist"; sourceTree = "<group>"; };
		A6BE4741180BFE9C00C59C32 /* DiamondExample-Prefix.pch */ = {isa = PBXFileReference; fileEncoding = 4; lastKnownFileType = sourcecode.c.h; path = "DiamondExample-Prefix.pch"; sourceTree = "<group>"; };
		A6CD5E8D1809683300D4F6AD /* DiamondExample.app */ = {isa = PBXFileReference; explicitFileType = wrapper.application; includeInIndex = 0; path = DiamondExample.app; sourceTree = BUILT_PRODUCTS_DIR; };
		A6CD5E901809683300D4F6AD /* Foundation.framework */ = {isa = PBXFileReference; lastKnownFileType = wrapper.framework; name = Foundation.framework; path = System/Library/Frameworks/Foundation.framework; sourceTree = SDKROOT; };
		A6CD5E921809683300D4F6AD /* CoreGraphics.framework */ = {isa = PBXFileReference; lastKnownFileType = wrapper.framework; name = CoreGraphics.framework; path = System/Library/Frameworks/CoreGraphics.framework; sourceTree = SDKROOT; };
		A6CD5E941809683300D4F6AD /* UIKit.framework */ = {isa = PBXFileReference; lastKnownFileType = wrapper.framework; name = UIKit.framework; path = System/Library/Frameworks/UIKit.framework; sourceTree = SDKROOT; };
		A6CD5EAF1809683300D4F6AD /* XCTest.framework */ = {isa = PBXFileReference; lastKnownFileType = wrapper.framework; name = XCTest.framework; path = Library/Frameworks/XCTest.framework; sourceTree = DEVELOPER_DIR; };
		A6DF7472181571C300D77233 /* DIAPokemonSpec.m */ = {isa = PBXFileReference; fileEncoding = 4; lastKnownFileType = sourcecode.c.objc; path = DIAPokemonSpec.m; sourceTree = "<group>"; };
/* End PBXFileReference section */

/* Begin PBXFrameworksBuildPhase section */
		231CF00A180E69E0001A5003 /* Frameworks */ = {
			isa = PBXFrameworksBuildPhase;
			buildActionMask = 2147483647;
			files = (
				A6544A2E18117A85002EB045 /* libKiwi.a in Frameworks */,
				231CF026180E6BB1001A5003 /* libDiamond.a in Frameworks */,
				231CF010180E69E0001A5003 /* SenTestingKit.framework in Frameworks */,
				231CF011180E69E0001A5003 /* UIKit.framework in Frameworks */,
				231CF012180E69E0001A5003 /* Foundation.framework in Frameworks */,
			);
			runOnlyForDeploymentPostprocessing = 0;
		};
		A6BE4719180BFD9A00C59C32 /* Frameworks */ = {
			isa = PBXFrameworksBuildPhase;
			buildActionMask = 2147483647;
			files = (
				A6BE471D180BFD9A00C59C32 /* Foundation.framework in Frameworks */,
			);
			runOnlyForDeploymentPostprocessing = 0;
		};
		A6CD5E8A1809683300D4F6AD /* Frameworks */ = {
			isa = PBXFrameworksBuildPhase;
			buildActionMask = 2147483647;
			files = (
				A61288D0181642B40081908F /* Diamond-iOS.framework in Frameworks */,
				A6CD5E931809683300D4F6AD /* CoreGraphics.framework in Frameworks */,
				A6CD5E951809683300D4F6AD /* UIKit.framework in Frameworks */,
				A6CD5E911809683300D4F6AD /* Foundation.framework in Frameworks */,
			);
			runOnlyForDeploymentPostprocessing = 0;
		};
/* End PBXFrameworksBuildPhase section */

/* Begin PBXGroup section */
		A6544A1A18117A13002EB045 /* Products */ = {
			isa = PBXGroup;
			children = (
				A6544A2318117A13002EB045 /* libKiwi.a */,
				A6544A2518117A13002EB045 /* libKiwi-OSX.a */,
				A6544A2718117A13002EB045 /* KiwiTests.octest */,
				A6544A2918117A13002EB045 /* libKiwi-XCTest.a */,
				A6544A2B18117A13002EB045 /* KiwiXCTests.xctest */,
			);
			name = Products;
			sourceTree = "<group>";
		};
		A67797E7180C2508001BB0E9 /* Configuration */ = {
			isa = PBXGroup;
			children = (
				A67797E8180C2508001BB0E9 /* Base */,
				A67797F2180C2508001BB0E9 /* iOS */,
				A67797F6180C2508001BB0E9 /* Mac OS X */,
				A67797FC180C2508001BB0E9 /* README.md */,
			);
			path = Configuration;
			sourceTree = "<group>";
		};
		A67797E8180C2508001BB0E9 /* Base */ = {
			isa = PBXGroup;
			children = (
				A67797E9180C2508001BB0E9 /* Common.xcconfig */,
				A67797EA180C2508001BB0E9 /* Configurations */,
				A67797EF180C2508001BB0E9 /* Targets */,
			);
			path = Base;
			sourceTree = "<group>";
		};
		A67797EA180C2508001BB0E9 /* Configurations */ = {
			isa = PBXGroup;
			children = (
				A67797EB180C2508001BB0E9 /* Debug.xcconfig */,
				A67797EC180C2508001BB0E9 /* Profile.xcconfig */,
				A67797ED180C2508001BB0E9 /* Release.xcconfig */,
				A67797EE180C2508001BB0E9 /* Test.xcconfig */,
			);
			path = Configurations;
			sourceTree = "<group>";
		};
		A67797EF180C2508001BB0E9 /* Targets */ = {
			isa = PBXGroup;
			children = (
				A67797F0180C2508001BB0E9 /* Application.xcconfig */,
				A67797F1180C2508001BB0E9 /* StaticLibrary.xcconfig */,
			);
			path = Targets;
			sourceTree = "<group>";
		};
		A67797F2180C2508001BB0E9 /* iOS */ = {
			isa = PBXGroup;
			children = (
				A67797F3180C2508001BB0E9 /* iOS-Application.xcconfig */,
				A67797F4180C2508001BB0E9 /* iOS-Base.xcconfig */,
				A67797F5180C2508001BB0E9 /* iOS-StaticLibrary.xcconfig */,
			);
			path = iOS;
			sourceTree = "<group>";
		};
		A67797F6180C2508001BB0E9 /* Mac OS X */ = {
			isa = PBXGroup;
			children = (
				A67797F7180C2508001BB0E9 /* Mac-Application.xcconfig */,
				A67797F8180C2508001BB0E9 /* Mac-Base.xcconfig */,
				A67797F9180C2508001BB0E9 /* Mac-DynamicLibrary.xcconfig */,
				A67797FA180C2508001BB0E9 /* Mac-Framework.xcconfig */,
				A67797FB180C2508001BB0E9 /* Mac-StaticLibrary.xcconfig */,
			);
			path = "Mac OS X";
			sourceTree = "<group>";
		};
		A6BE46F0180BFD3F00C59C32 /* Diamond */ = {
			isa = PBXGroup;
			children = (
				A6BE4745180BFED000C59C32 /* Supoprting Files */,
				A6BE4746180BFEF000C59C32 /* Headers */,
				A6BE4747180BFEF900C59C32 /* Implementaions */,
			);
			path = Diamond;
			sourceTree = "<group>";
		};
		A6BE46F8180BFD3F00C59C32 /* DiamondExample */ = {
			isa = PBXGroup;
			children = (
				A63D9591181571FA006F7E5C /* Main.storyboard */,
				A6BE4743180BFEA400C59C32 /* Supporting Files */,
				A678420B181570F9003C4954 /* Pokemon.h */,
				A678420C181570F9003C4954 /* Pokemon.m */,
				A6BE46FB180BFD3F00C59C32 /* DIAAppDelegate.h */,
				A6BE46FC180BFD3F00C59C32 /* DIAAppDelegate.m */,
				A67842071815709D003C4954 /* DIAMainViewController.h */,
				A67842081815709D003C4954 /* DIAMainViewController.m */,
				A6BE4704180BFD3F00C59C32 /* main.m */,
			);
			path = DiamondExample;
			sourceTree = "<group>";
		};
		A6BE4705180BFD3F00C59C32 /* DiamondTests */ = {
			isa = PBXGroup;
			children = (
				A6BE4706180BFD3F00C59C32 /* DIADelegateChainSpec.m */,
				A6BE4707180BFD3F00C59C32 /* DIACollectionSpec.m */,
				A6DF7472181571C300D77233 /* DIAPokemonSpec.m */,
				A6BE4731180BFD9A00C59C32 /* Supporting Files */,
			);
			path = DiamondTests;
			sourceTree = "<group>";
		};
		A6BE4731180BFD9A00C59C32 /* Supporting Files */ = {
			isa = PBXGroup;
			children = (
				A6BE4732180BFD9A00C59C32 /* DiamondTests-Info.plist */,
				A6BE4733180BFD9A00C59C32 /* InfoPlist.strings */,
			);
			name = "Supporting Files";
			sourceTree = "<group>";
		};
		A6BE4743180BFEA400C59C32 /* Supporting Files */ = {
			isa = PBXGroup;
			children = (
				A678420A181570F9003C4954 /* pokedex.json */,
				A6BE4740180BFE9C00C59C32 /* DiamondExample-Info.plist */,
				A6BE4741180BFE9C00C59C32 /* DiamondExample-Prefix.pch */,
				A6BE4701180BFD3F00C59C32 /* InfoPlist.strings */,
				A6BE4703180BFD3F00C59C32 /* Images.xcassets */,
			);
			name = "Supporting Files";
			sourceTree = "<group>";
		};
		A6BE4745180BFED000C59C32 /* Supoprting Files */ = {
			isa = PBXGroup;
			children = (
				A6BE4720180BFD9A00C59C32 /* Diamond-Prefix.pch */,
			);
			name = "Supoprting Files";
			sourceTree = "<group>";
		};
		A6BE4746180BFEF000C59C32 /* Headers */ = {
			isa = PBXGroup;
			children = (
				A6BE4721180BFD9A00C59C32 /* Diamond.h */,
				A6BE46F4180BFD3F00C59C32 /* DIACollection.h */,
				A6B7EC4F180D743000F7BC9D /* DIADataSourceCollection.h */,
				A6BE46F1180BFD3F00C59C32 /* DIACollection+NSKeyValueCoding.h */,
				A6BE46F2180BFD3F00C59C32 /* DIACollection+NSKeyValueObserving.h */,
				A6BE46F3180BFD3F00C59C32 /* DIACollection+NSOrderedSet.h */,
				A6BE46F6180BFD3F00C59C32 /* DIADelegateChain.h */,
			);
			name = Headers;
			sourceTree = "<group>";
		};
		A6BE4747180BFEF900C59C32 /* Implementaions */ = {
			isa = PBXGroup;
			children = (
				A6BE46F5180BFD3F00C59C32 /* DIACollection.m */,
				A6B7EC50180D743000F7BC9D /* DIADataSourceCollection.m */,
				A6BE46F7180BFD3F00C59C32 /* DIADelegateChain.m */,
			);
			name = Implementaions;
			sourceTree = "<group>";
		};
		A6CD5E841809683300D4F6AD = {
			isa = PBXGroup;
			children = (
				A67797E7180C2508001BB0E9 /* Configuration */,
				A6BE46F0180BFD3F00C59C32 /* Diamond */,
				A6BE46F8180BFD3F00C59C32 /* DiamondExample */,
				A6BE4705180BFD3F00C59C32 /* DiamondTests */,
				A6CD5E8F1809683300D4F6AD /* Frameworks */,
				A6CD5E8E1809683300D4F6AD /* Products */,
			);
			sourceTree = "<group>";
		};
		A6CD5E8E1809683300D4F6AD /* Products */ = {
			isa = PBXGroup;
			children = (
				A6CD5E8D1809683300D4F6AD /* DiamondExample.app */,
				A6BE471C180BFD9A00C59C32 /* libDiamond.a */,
				231CF00E180E69E0001A5003 /* DiamondTests.octest */,
			);
			name = Products;
			sourceTree = "<group>";
		};
		A6CD5E8F1809683300D4F6AD /* Frameworks */ = {
			isa = PBXGroup;
			children = (
				A61288CF181642A20081908F /* Diamond-iOS.framework */,
				A6544A1918117A13002EB045 /* Kiwi.xcodeproj */,
				A6CD5E901809683300D4F6AD /* Foundation.framework */,
				A6CD5E921809683300D4F6AD /* CoreGraphics.framework */,
				A6CD5E941809683300D4F6AD /* UIKit.framework */,
				A6CD5EAF1809683300D4F6AD /* XCTest.framework */,
				231CF00F180E69E0001A5003 /* SenTestingKit.framework */,
			);
			name = Frameworks;
			sourceTree = "<group>";
		};
/* End PBXGroup section */

/* Begin PBXHeadersBuildPhase section */
		A6BE4751180C010500C59C32 /* Headers */ = {
			isa = PBXHeadersBuildPhase;
			buildActionMask = 2147483647;
			files = (
				A6BE4753180C011300C59C32 /* Diamond.h in Headers */,
				A6BE4754180C011300C59C32 /* DIACollection.h in Headers */,
				A6BE4755180C011300C59C32 /* DIACollection+NSKeyValueCoding.h in Headers */,
				A6BE4756180C011300C59C32 /* DIACollection+NSKeyValueObserving.h in Headers */,
				A6BE4757180C011300C59C32 /* DIACollection+NSOrderedSet.h in Headers */,
				A6B7EC51180D743000F7BC9D /* DIADataSourceCollection.h in Headers */,
				A6BE4758180C011300C59C32 /* DIADelegateChain.h in Headers */,
			);
			runOnlyForDeploymentPostprocessing = 0;
		};
/* End PBXHeadersBuildPhase section */

/* Begin PBXNativeTarget section */
		231CF00D180E69E0001A5003 /* DiamondTests */ = {
			isa = PBXNativeTarget;
			buildConfigurationList = 231CF021180E69E0001A5003 /* Build configuration list for PBXNativeTarget "DiamondTests" */;
			buildPhases = (
				231CF009180E69E0001A5003 /* Sources */,
				231CF00A180E69E0001A5003 /* Frameworks */,
				231CF00B180E69E0001A5003 /* Resources */,
				231CF00C180E69E0001A5003 /* ShellScript */,
			);
			buildRules = (
			);
			dependencies = (
				A6544A2D18117A7E002EB045 /* PBXTargetDependency */,
				231CF023180E69E7001A5003 /* PBXTargetDependency */,
			);
			name = DiamondTests;
			productName = DiamondTestOC;
			productReference = 231CF00E180E69E0001A5003 /* DiamondTests.octest */;
			productType = "com.apple.product-type.bundle";
		};
		A6BE471B180BFD9A00C59C32 /* Diamond */ = {
			isa = PBXNativeTarget;
			buildConfigurationList = A6BE4738180BFD9A00C59C32 /* Build configuration list for PBXNativeTarget "Diamond" */;
			buildPhases = (
				A6BE4751180C010500C59C32 /* Headers */,
				A6BE4718180BFD9A00C59C32 /* Sources */,
				A6BE4719180BFD9A00C59C32 /* Frameworks */,
				A6BE471A180BFD9A00C59C32 /* Copy Files */,
			);
			buildRules = (
			);
			dependencies = (
			);
			name = Diamond;
			productName = Diamond;
			productReference = A6BE471C180BFD9A00C59C32 /* libDiamond.a */;
			productType = "com.apple.product-type.library.static";
		};
		A6CD5E8C1809683300D4F6AD /* DiamondExample */ = {
			isa = PBXNativeTarget;
			buildConfigurationList = A6CD5EBF1809683300D4F6AD /* Build configuration list for PBXNativeTarget "DiamondExample" */;
			buildPhases = (
				A6CD5E891809683300D4F6AD /* Sources */,
				A6CD5E8A1809683300D4F6AD /* Frameworks */,
				A6CD5E8B1809683300D4F6AD /* Resources */,
			);
			buildRules = (
			);
			dependencies = (
				A668CFC718166776004B29BF /* PBXTargetDependency */,
			);
			name = DiamondExample;
			productName = DiamondCollection;
			productReference = A6CD5E8D1809683300D4F6AD /* DiamondExample.app */;
			productType = "com.apple.product-type.application";
		};
/* End PBXNativeTarget section */

/* Begin PBXProject section */
		A6CD5E851809683300D4F6AD /* Project object */ = {
			isa = PBXProject;
			attributes = {
				CLASSPREFIX = DIA;
				LastUpgradeCheck = 0500;
				ORGANIZATIONNAME = "Yusuke Sakurai";
				TargetAttributes = {
					231CF00D180E69E0001A5003 = {
						TestTargetID = A6BE471B180BFD9A00C59C32;
					};
					A6CD5E8C1809683300D4F6AD = {
						DevelopmentTeam = 2M4NMV4P4Y;
					};
				};
			};
			buildConfigurationList = A6CD5E881809683300D4F6AD /* Build configuration list for PBXProject "Diamond" */;
			compatibilityVersion = "Xcode 3.2";
			developmentRegion = English;
			hasScannedForEncodings = 0;
			knownRegions = (
				en,
				Base,
			);
			mainGroup = A6CD5E841809683300D4F6AD;
			productRefGroup = A6CD5E8E1809683300D4F6AD /* Products */;
			projectDirPath = "";
			projectReferences = (
				{
					ProductGroup = A6544A1A18117A13002EB045 /* Products */;
					ProjectRef = A6544A1918117A13002EB045 /* Kiwi.xcodeproj */;
				},
			);
			projectRoot = "";
			targets = (
				A6BE471B180BFD9A00C59C32 /* Diamond */,
				A61288B91816366B0081908F /* Diamond-iOS */,
				231CF00D180E69E0001A5003 /* DiamondTests */,
				A6CD5E8C1809683300D4F6AD /* DiamondExample */,
			);
		};
/* End PBXProject section */

/* Begin PBXReferenceProxy section */
		A6544A2318117A13002EB045 /* libKiwi.a */ = {
			isa = PBXReferenceProxy;
			fileType = archive.ar;
			path = libKiwi.a;
			remoteRef = A6544A2218117A13002EB045 /* PBXContainerItemProxy */;
			sourceTree = BUILT_PRODUCTS_DIR;
		};
		A6544A2518117A13002EB045 /* libKiwi-OSX.a */ = {
			isa = PBXReferenceProxy;
			fileType = archive.ar;
			path = "libKiwi-OSX.a";
			remoteRef = A6544A2418117A13002EB045 /* PBXContainerItemProxy */;
			sourceTree = BUILT_PRODUCTS_DIR;
		};
		A6544A2718117A13002EB045 /* KiwiTests.octest */ = {
			isa = PBXReferenceProxy;
			fileType = wrapper.cfbundle;
			path = KiwiTests.octest;
			remoteRef = A6544A2618117A13002EB045 /* PBXContainerItemProxy */;
			sourceTree = BUILT_PRODUCTS_DIR;
		};
		A6544A2918117A13002EB045 /* libKiwi-XCTest.a */ = {
			isa = PBXReferenceProxy;
			fileType = archive.ar;
			path = "libKiwi-XCTest.a";
			remoteRef = A6544A2818117A13002EB045 /* PBXContainerItemProxy */;
			sourceTree = BUILT_PRODUCTS_DIR;
		};
		A6544A2B18117A13002EB045 /* KiwiXCTests.xctest */ = {
			isa = PBXReferenceProxy;
			fileType = wrapper.cfbundle;
			path = KiwiXCTests.xctest;
			remoteRef = A6544A2A18117A13002EB045 /* PBXContainerItemProxy */;
			sourceTree = BUILT_PRODUCTS_DIR;
		};
/* End PBXReferenceProxy section */

/* Begin PBXResourcesBuildPhase section */
		231CF00B180E69E0001A5003 /* Resources */ = {
			isa = PBXResourcesBuildPhase;
			buildActionMask = 2147483647;
			files = (
			);
			runOnlyForDeploymentPostprocessing = 0;
		};
		A6CD5E8B1809683300D4F6AD /* Resources */ = {
			isa = PBXResourcesBuildPhase;
			buildActionMask = 2147483647;
			files = (
				A6CA7A971815735500A9B1EB /* Main.storyboard in Resources */,
				A678420D181570F9003C4954 /* pokedex.json in Resources */,
				A6BE4712180BFD3F00C59C32 /* Images.xcassets in Resources */,
				A6BE4711180BFD3F00C59C32 /* InfoPlist.strings in Resources */,
			);
			runOnlyForDeploymentPostprocessing = 0;
		};
/* End PBXResourcesBuildPhase section */

/* Begin PBXShellScriptBuildPhase section */
		231CF00C180E69E0001A5003 /* ShellScript */ = {
			isa = PBXShellScriptBuildPhase;
			buildActionMask = 2147483647;
			files = (
			);
			inputPaths = (
			);
			outputPaths = (
			);
			runOnlyForDeploymentPostprocessing = 0;
			shellPath = /bin/sh;
			shellScript = "# Run the unit tests in this test bundle.\n\"${SYSTEM_DEVELOPER_DIR}/Tools/RunUnitTests\"\n";
		};
		A61288BF181636C90081908F /* Build Library */ = {
			isa = PBXShellScriptBuildPhase;
			buildActionMask = 2147483647;
			files = (
			);
			inputPaths = (
			);
			name = "Build Library";
			outputPaths = (
			);
			runOnlyForDeploymentPostprocessing = 0;
			shellPath = /bin/sh;
			shellScript = "xcodebuild -project ${PROJECT_NAME}.xcodeproj -sdk iphonesimulator -scheme ${PROJECT_NAME} -configuration ${CONFIGURATION} build\nxcodebuild -project ${PROJECT_NAME}.xcodeproj -sdk iphoneos -scheme ${PROJECT_NAME} -configuration ${CONFIGURATION} build";
		};
		A61288C0181636FE0081908F /* Assemble Frameworks */ = {
			isa = PBXShellScriptBuildPhase;
			buildActionMask = 2147483647;
			files = (
			);
			inputPaths = (
			);
			name = "Assemble Frameworks";
			outputPaths = (
			);
			runOnlyForDeploymentPostprocessing = 0;
			shellPath = /bin/sh;
			shellScript = "SIMULATOR_HEADERS_DIR=\"${BUILD_DIR}/${CONFIGURATION}-iphonesimulator/Headers\" &&\nSIMULATOR_LIBRARY_PATH=\"${BUILD_DIR}/${CONFIGURATION}-iphonesimulator/lib${PROJECT_NAME}.a\" &&\nDEVICE_LIBRARY_PATH=\"${BUILD_DIR}/${CONFIGURATION}-iphoneos/lib${PROJECT_NAME}.a\" &&\nUNIVERSAL_LIBRARY_DIR=\"${BUILD_DIR}/${CONFIGURATION}-iphoneuniversal\" &&\nUNIVERSAL_LIBRARY_PATH=\"${UNIVERSAL_LIBRARY_DIR}/lib${PRODUCT_NAME}.a\" &&\nFRAMEWORK=\"${UNIVERSAL_LIBRARY_DIR}/${PRODUCT_NAME}.framework\" &&\n\n# Create framework directory structure.\nrm -rf \"${FRAMEWORK}\" &&\nmkdir -p \"${UNIVERSAL_LIBRARY_DIR}\" &&\nmkdir -p \"${FRAMEWORK}/Versions/A/Resources\" &&\n\n# Generate universal binary from desktop, device, and simulator builds.\nlipo \"${SIMULATOR_LIBRARY_PATH}\" \"${DEVICE_LIBRARY_PATH}\" -create -output \"${UNIVERSAL_LIBRARY_PATH}\" &&\n\n# Copy public headers to Framework headers\n# (had to use move because wildcard matching gave me an error)\ncp -r \"${SIMULATOR_HEADERS_DIR}\" \"${UNIVERSAL_LIBRARY_DIR}\" &&\nmv \"${UNIVERSAL_LIBRARY_DIR}/Headers\" \"${FRAMEWORK}/Versions/A/Headers\" &&\n# Copy public headers to output (doesn't matter which architecture)\ncp -r \"${SIMULATOR_HEADERS_DIR}\" \"${UNIVERSAL_LIBRARY_DIR}\" &&\n\n# Move files to appropriate locations in framework paths.\ncp \"${UNIVERSAL_LIBRARY_PATH}\" \"${FRAMEWORK}/Versions/A/${PRODUCT_NAME}\" &&\nln -s \"A\" \"${FRAMEWORK}/Versions/Current\" &&\nln -s \"Versions/Current/Headers\" \"${FRAMEWORK}/Headers\" &&\nln -s \"Versions/Current/Resources\" \"${FRAMEWORK}/Resources\" &&\nln -s \"Versions/Current/${PRODUCT_NAME}\" \"${FRAMEWORK}/${PRODUCT_NAME}\" \n\n# Open Products (output) directory\nopen \"${UNIVERSAL_LIBRARY_DIR}\"";
		};
		A61288C1181637260081908F /* ShellScript */ = {
			isa = PBXShellScriptBuildPhase;
			buildActionMask = 2147483647;
			files = (
			);
			inputPaths = (
			);
			outputPaths = (
			);
			runOnlyForDeploymentPostprocessing = 0;
			shellPath = /bin/sh;
			shellScript = "mkdir -p ${PROJECT_DIR}/output &&\ncp -r ${BUILD_DIR}/${CONFIGURATION}-iphoneuniversal ${PROJECT_DIR}/output";
		};
/* End PBXShellScriptBuildPhase section */

/* Begin PBXSourcesBuildPhase section */
		231CF009180E69E0001A5003 /* Sources */ = {
			isa = PBXSourcesBuildPhase;
			buildActionMask = 2147483647;
			files = (
				A63D958B181571E8006F7E5C /* Pokemon.m in Sources */,
				231CF024180E69F2001A5003 /* DIADelegateChainSpec.m in Sources */,
				231CF025180E69F2001A5003 /* DIACollectionSpec.m in Sources */,
				A6DF7473181571C300D77233 /* DIAPokemonSpec.m in Sources */,
			);
			runOnlyForDeploymentPostprocessing = 0;
		};
		A6BE4718180BFD9A00C59C32 /* Sources */ = {
			isa = PBXSourcesBuildPhase;
			buildActionMask = 2147483647;
			files = (
				A6BE474F180C00B600C59C32 /* DIACollection.m in Sources */,
				A6BE4750180C00B600C59C32 /* DIADelegateChain.m in Sources */,
				A6B7EC52180D743000F7BC9D /* DIADataSourceCollection.m in Sources */,
			);
			runOnlyForDeploymentPostprocessing = 0;
		};
		A6CD5E891809683300D4F6AD /* Sources */ = {
			isa = PBXSourcesBuildPhase;
			buildActionMask = 2147483647;
			files = (
				A6BE4713180BFD3F00C59C32 /* main.m in Sources */,
				A678420E181570F9003C4954 /* Pokemon.m in Sources */,
				A67842091815709D003C4954 /* DIAMainViewController.m in Sources */,
				A6BE470E180BFD3F00C59C32 /* DIAAppDelegate.m in Sources */,
			);
			runOnlyForDeploymentPostprocessing = 0;
		};
/* End PBXSourcesBuildPhase section */

/* Begin PBXTargetDependency section */
		231CF023180E69E7001A5003 /* PBXTargetDependency */ = {
			isa = PBXTargetDependency;
			target = A6BE471B180BFD9A00C59C32 /* Diamond */;
			targetProxy = 231CF022180E69E7001A5003 /* PBXContainerItemProxy */;
		};
		A6544A2D18117A7E002EB045 /* PBXTargetDependency */ = {
			isa = PBXTargetDependency;
			name = Kiwi;
			targetProxy = A6544A2C18117A7E002EB045 /* PBXContainerItemProxy */;
		};
		A668CFC718166776004B29BF /* PBXTargetDependency */ = {
			isa = PBXTargetDependency;
			target = A61288B91816366B0081908F /* Diamond-iOS */;
			targetProxy = A668CFC618166776004B29BF /* PBXContainerItemProxy */;
		};
/* End PBXTargetDependency section */

/* Begin PBXVariantGroup section */
		A63D9591181571FA006F7E5C /* Main.storyboard */ = {
			isa = PBXVariantGroup;
			children = (
				A63D9592181571FA006F7E5C /* Base */,
			);
			name = Main.storyboard;
			sourceTree = "<group>";
		};
		A6BE4701180BFD3F00C59C32 /* InfoPlist.strings */ = {
			isa = PBXVariantGroup;
			children = (
				A6BE4702180BFD3F00C59C32 /* en */,
			);
			name = InfoPlist.strings;
			sourceTree = "<group>";
		};
		A6BE4733180BFD9A00C59C32 /* InfoPlist.strings */ = {
			isa = PBXVariantGroup;
			children = (
				A6BE4734180BFD9A00C59C32 /* en */,
			);
			name = InfoPlist.strings;
			sourceTree = "<group>";
		};
/* End PBXVariantGroup section */

/* Begin XCBuildConfiguration section */
		231CF01D180E69E0001A5003 /* Debug */ = {
			isa = XCBuildConfiguration;
			baseConfigurationReference = A67797F3180C2508001BB0E9 /* iOS-Application.xcconfig */;
			buildSettings = {
				FRAMEWORK_SEARCH_PATHS = (
					"\"$(SDKROOT)/Developer/Library/Frameworks\"",
					"\"$(DEVELOPER_LIBRARY_DIR)/Frameworks\"",
				);
				GCC_PRECOMPILE_PREFIX_HEADER = YES;
				GCC_PREFIX_HEADER = "DiamondTests/DiamondTests-Prefix.pch";
				GCC_WARN_ABOUT_RETURN_TYPE = YES;
				HEADER_SEARCH_PATHS = (
					"$(SRCROOT)/Kiwi/**",
					"$(OBJROOT)/UninstalledProducts/include",
				);
				INFOPLIST_FILE = "DiamondTests/DiamondTests-Info.plist";
				IPHONEOS_DEPLOYMENT_TARGET = 5.0;
				OTHER_LDFLAGS = (
					"-ObjC",
					"-all_load",
					"-framework",
					SenTestingKit,
				);
				PRODUCT_NAME = "$(TARGET_NAME)";
				WRAPPER_EXTENSION = octest;
			};
			name = Debug;
		};
		231CF01E180E69E0001A5003 /* Test */ = {
			isa = XCBuildConfiguration;
			baseConfigurationReference = A67797F3180C2508001BB0E9 /* iOS-Application.xcconfig */;
			buildSettings = {
				FRAMEWORK_SEARCH_PATHS = (
					"\"$(SDKROOT)/Developer/Library/Frameworks\"",
					"\"$(DEVELOPER_LIBRARY_DIR)/Frameworks\"",
				);
				GCC_PRECOMPILE_PREFIX_HEADER = YES;
				GCC_PREFIX_HEADER = "DiamondTests/DiamondTests-Prefix.pch";
				GCC_WARN_ABOUT_RETURN_TYPE = YES;
				HEADER_SEARCH_PATHS = (
					"$(SRCROOT)/Kiwi/**",
					"$(OBJROOT)/UninstalledProducts/include",
				);
				INFOPLIST_FILE = "DiamondTests/DiamondTests-Info.plist";
				IPHONEOS_DEPLOYMENT_TARGET = 5.0;
				OTHER_LDFLAGS = (
					"-ObjC",
					"-all_load",
					"-framework",
					SenTestingKit,
				);
				PRODUCT_NAME = "$(TARGET_NAME)";
				WRAPPER_EXTENSION = octest;
			};
			name = Test;
		};
		231CF01F180E69E0001A5003 /* Profile */ = {
			isa = XCBuildConfiguration;
			baseConfigurationReference = A67797F3180C2508001BB0E9 /* iOS-Application.xcconfig */;
			buildSettings = {
				FRAMEWORK_SEARCH_PATHS = (
					"\"$(SDKROOT)/Developer/Library/Frameworks\"",
					"\"$(DEVELOPER_LIBRARY_DIR)/Frameworks\"",
				);
				GCC_PRECOMPILE_PREFIX_HEADER = YES;
				GCC_PREFIX_HEADER = "DiamondTests/DiamondTests-Prefix.pch";
				GCC_WARN_ABOUT_RETURN_TYPE = YES;
				HEADER_SEARCH_PATHS = (
					"$(SRCROOT)/Kiwi/**",
					"$(OBJROOT)/UninstalledProducts/include",
				);
				INFOPLIST_FILE = "DiamondTests/DiamondTests-Info.plist";
				IPHONEOS_DEPLOYMENT_TARGET = 5.0;
				OTHER_LDFLAGS = (
					"-ObjC",
					"-all_load",
					"-framework",
					SenTestingKit,
				);
				PRODUCT_NAME = "$(TARGET_NAME)";
				WRAPPER_EXTENSION = octest;
			};
			name = Profile;
		};
		231CF020180E69E0001A5003 /* Release */ = {
			isa = XCBuildConfiguration;
			baseConfigurationReference = A67797F3180C2508001BB0E9 /* iOS-Application.xcconfig */;
			buildSettings = {
				FRAMEWORK_SEARCH_PATHS = (
					"\"$(SDKROOT)/Developer/Library/Frameworks\"",
					"\"$(DEVELOPER_LIBRARY_DIR)/Frameworks\"",
				);
				GCC_PRECOMPILE_PREFIX_HEADER = YES;
				GCC_PREFIX_HEADER = "DiamondTests/DiamondTests-Prefix.pch";
				GCC_WARN_ABOUT_RETURN_TYPE = YES;
				HEADER_SEARCH_PATHS = (
					"$(SRCROOT)/Kiwi/**",
					"$(OBJROOT)/UninstalledProducts/include",
				);
				INFOPLIST_FILE = "DiamondTests/DiamondTests-Info.plist";
				IPHONEOS_DEPLOYMENT_TARGET = 5.0;
				OTHER_LDFLAGS = (
					"-ObjC",
					"-all_load",
					"-framework",
					SenTestingKit,
				);
				PRODUCT_NAME = "$(TARGET_NAME)";
				WRAPPER_EXTENSION = octest;
			};
			name = Release;
		};
		A61288BB1816366B0081908F /* Debug */ = {
			isa = XCBuildConfiguration;
			buildSettings = {
				PRODUCT_NAME = "$(TARGET_NAME)";
				TARGETED_DEVICE_FAMILY = "1,2";
			};
			name = Debug;
		};
		A61288BC1816366B0081908F /* Test */ = {
			isa = XCBuildConfiguration;
			buildSettings = {
				PRODUCT_NAME = "$(TARGET_NAME)";
				TARGETED_DEVICE_FAMILY = "1,2";
			};
			name = Test;
		};
		A61288BD1816366B0081908F /* Profile */ = {
			isa = XCBuildConfiguration;
			buildSettings = {
				PRODUCT_NAME = "$(TARGET_NAME)";
				TARGETED_DEVICE_FAMILY = "1,2";
			};
			name = Profile;
		};
		A61288BE1816366B0081908F /* Release */ = {
			isa = XCBuildConfiguration;
			buildSettings = {
				PRODUCT_NAME = "$(TARGET_NAME)";
				TARGETED_DEVICE_FAMILY = "1,2";
			};
			name = Release;
		};
		A67797FD180C254F001BB0E9 /* Test */ = {
			isa = XCBuildConfiguration;
			baseConfigurationReference = A67797EE180C2508001BB0E9 /* Test.xcconfig */;
			buildSettings = {
				ALWAYS_SEARCH_USER_PATHS = YES;
				ARCHS = (
					armv7,
					armv7s,
				);
				CLANG_CXX_LANGUAGE_STANDARD = "gnu++0x";
				CLANG_CXX_LIBRARY = "libc++";
				CLANG_ENABLE_MODULES = YES;
				CLANG_ENABLE_OBJC_ARC = YES;
				CLANG_WARN_BOOL_CONVERSION = YES;
				CLANG_WARN_CONSTANT_CONVERSION = YES;
				CLANG_WARN_DIRECT_OBJC_ISA_USAGE = YES_ERROR;
				CLANG_WARN_EMPTY_BODY = YES;
				CLANG_WARN_ENUM_CONVERSION = YES;
				CLANG_WARN_INT_CONVERSION = YES;
				CLANG_WARN_OBJC_ROOT_CLASS = YES_ERROR;
				CLANG_WARN__DUPLICATE_METHOD_MATCH = YES;
				"CODE_SIGN_IDENTITY[sdk=iphoneos*]" = "iPhone Developer";
				COPY_PHASE_STRIP = NO;
				FRAMEWORK_SEARCH_PATHS = (
					"\"$(inherited)\"",
					"${SRCTOOT}/output/**",
				);
				GCC_C_LANGUAGE_STANDARD = gnu99;
				GCC_DYNAMIC_NO_PIC = NO;
				GCC_OPTIMIZATION_LEVEL = 0;
				GCC_PREPROCESSOR_DEFINITIONS = (
					"DEBUG=1",
					"$(inherited)",
				);
				GCC_SYMBOLS_PRIVATE_EXTERN = NO;
				GCC_WARN_64_TO_32_BIT_CONVERSION = YES;
				GCC_WARN_ABOUT_RETURN_TYPE = YES_ERROR;
				GCC_WARN_UNDECLARED_SELECTOR = YES;
				GCC_WARN_UNINITIALIZED_AUTOS = YES;
				GCC_WARN_UNUSED_FUNCTION = YES;
				GCC_WARN_UNUSED_VARIABLE = YES;
				HEADER_SEARCH_PATHS = (
					"$(inherited)",
					/Applications/Xcode.app/Contents/Developer/Toolchains/XcodeDefault.xctoolchain/usr/include,
					"$(SRCROOT)/Kiwi/Classes/Core",
				);
				IPHONEOS_DEPLOYMENT_TARGET = 5.0;
				ONLY_ACTIVE_ARCH = YES;
				SDKROOT = iphoneos;
			};
			name = Test;
		};
		A67797FE180C254F001BB0E9 /* Test */ = {
			isa = XCBuildConfiguration;
			baseConfigurationReference = A67797F5180C2508001BB0E9 /* iOS-StaticLibrary.xcconfig */;
			buildSettings = {
				DSTROOT = /tmp/Diamond.dst;
				FRAMEWORK_SEARCH_PATHS = (
					"$(inherited)",
					"/Users/keroxp/Development/iOS/Diamond/output/Debug-iphoneuniversal",
				);
				GCC_PRECOMPILE_PREFIX_HEADER = YES;
				GCC_PREFIX_HEADER = "Diamond/Diamond-Prefix.pch";
				GCC_PREPROCESSOR_DEFINITIONS = (
					"DEBUG=1",
					"$(inherited)",
				);
				INFOPLIST_FILE = "";
				IPHONEOS_DEPLOYMENT_TARGET = 5.0;
				LIBRARY_SEARCH_PATHS = (
					"$(inherited)",
					"/Users/keroxp/Development/iOS/Diamond/output/Debug-iphoneuniversal",
				);
				ONLY_ACTIVE_ARCH = NO;
				OTHER_LDFLAGS = (
					"-ObjC",
					"-all_load",
				);
				PRODUCT_NAME = "$(TARGET_NAME)";
				PUBLIC_HEADERS_FOLDER_PATH = /Headers;
				SKIP_INSTALL = YES;
			};
			name = Test;
		};
		A6779800180C254F001BB0E9 /* Test */ = {
			isa = XCBuildConfiguration;
			baseConfigurationReference = A67797F3180C2508001BB0E9 /* iOS-Application.xcconfig */;
			buildSettings = {
				ASSETCATALOG_COMPILER_APPICON_NAME = AppIcon;
				ASSETCATALOG_COMPILER_LAUNCHIMAGE_NAME = LaunchImage;
				CODE_SIGN_IDENTITY = "iPhone Developer";
				FRAMEWORK_SEARCH_PATHS = (
					"$(inherited)",
					"/Users/keroxp/Development/iOS/Diamond/output/Debug-iphoneuniversal",
				);
				GCC_PRECOMPILE_PREFIX_HEADER = YES;
				GCC_PREFIX_HEADER = "DiamondExample/DiamondExample-Prefix.pch";
				INFOPLIST_FILE = "$(SRCROOT)/DiamondExample/DiamondExample-Info.plist";
				IPHONEOS_DEPLOYMENT_TARGET = 5.0;
				LIBRARY_SEARCH_PATHS = (
					"$(SRCROOT)/output/**",
					"/Users/keroxp/Development/iOS/Diamond/output/Debug-iphoneuniversal",
				);
				ONLY_ACTIVE_ARCH = NO;
				PRODUCT_NAME = DiamondExample;
				WRAPPER_EXTENSION = app;
			};
			name = Test;
		};
		A6779801180C2556001BB0E9 /* Profile */ = {
			isa = XCBuildConfiguration;
			baseConfigurationReference = A67797EC180C2508001BB0E9 /* Profile.xcconfig */;
			buildSettings = {
				ALWAYS_SEARCH_USER_PATHS = YES;
				ARCHS = (
					armv7,
					armv7s,
				);
				CLANG_CXX_LANGUAGE_STANDARD = "gnu++0x";
				CLANG_CXX_LIBRARY = "libc++";
				CLANG_ENABLE_MODULES = YES;
				CLANG_ENABLE_OBJC_ARC = YES;
				CLANG_WARN_BOOL_CONVERSION = YES;
				CLANG_WARN_CONSTANT_CONVERSION = YES;
				CLANG_WARN_DIRECT_OBJC_ISA_USAGE = YES_ERROR;
				CLANG_WARN_EMPTY_BODY = YES;
				CLANG_WARN_ENUM_CONVERSION = YES;
				CLANG_WARN_INT_CONVERSION = YES;
				CLANG_WARN_OBJC_ROOT_CLASS = YES_ERROR;
				CLANG_WARN__DUPLICATE_METHOD_MATCH = YES;
				"CODE_SIGN_IDENTITY[sdk=iphoneos*]" = "iPhone Developer";
				COPY_PHASE_STRIP = NO;
				FRAMEWORK_SEARCH_PATHS = (
					"\"$(inherited)\"",
					"${SRCTOOT}/output/**",
				);
				GCC_C_LANGUAGE_STANDARD = gnu99;
				GCC_DYNAMIC_NO_PIC = NO;
				GCC_OPTIMIZATION_LEVEL = 0;
				GCC_PREPROCESSOR_DEFINITIONS = (
					"DEBUG=1",
					"$(inherited)",
				);
				GCC_SYMBOLS_PRIVATE_EXTERN = NO;
				GCC_WARN_64_TO_32_BIT_CONVERSION = YES;
				GCC_WARN_ABOUT_RETURN_TYPE = YES_ERROR;
				GCC_WARN_UNDECLARED_SELECTOR = YES;
				GCC_WARN_UNINITIALIZED_AUTOS = YES;
				GCC_WARN_UNUSED_FUNCTION = YES;
				GCC_WARN_UNUSED_VARIABLE = YES;
				HEADER_SEARCH_PATHS = (
					"$(inherited)",
					/Applications/Xcode.app/Contents/Developer/Toolchains/XcodeDefault.xctoolchain/usr/include,
					"$(SRCROOT)/Kiwi/Classes/Core",
				);
				IPHONEOS_DEPLOYMENT_TARGET = 5.0;
				ONLY_ACTIVE_ARCH = YES;
				SDKROOT = iphoneos;
			};
			name = Profile;
		};
		A6779802180C2556001BB0E9 /* Profile */ = {
			isa = XCBuildConfiguration;
			baseConfigurationReference = A67797F5180C2508001BB0E9 /* iOS-StaticLibrary.xcconfig */;
			buildSettings = {
				DSTROOT = /tmp/Diamond.dst;
				FRAMEWORK_SEARCH_PATHS = (
					"$(inherited)",
					"/Users/keroxp/Development/iOS/Diamond/output/Debug-iphoneuniversal",
				);
				GCC_PRECOMPILE_PREFIX_HEADER = YES;
				GCC_PREFIX_HEADER = "Diamond/Diamond-Prefix.pch";
				GCC_PREPROCESSOR_DEFINITIONS = (
					"DEBUG=1",
					"$(inherited)",
				);
				INFOPLIST_FILE = "";
				IPHONEOS_DEPLOYMENT_TARGET = 5.0;
				LIBRARY_SEARCH_PATHS = (
					"$(inherited)",
					"/Users/keroxp/Development/iOS/Diamond/output/Debug-iphoneuniversal",
				);
				ONLY_ACTIVE_ARCH = NO;
				OTHER_LDFLAGS = (
					"-ObjC",
					"-all_load",
				);
				PRODUCT_NAME = "$(TARGET_NAME)";
				PUBLIC_HEADERS_FOLDER_PATH = /Headers;
				SKIP_INSTALL = YES;
			};
			name = Profile;
		};
		A6779804180C2556001BB0E9 /* Profile */ = {
			isa = XCBuildConfiguration;
			baseConfigurationReference = A67797F3180C2508001BB0E9 /* iOS-Application.xcconfig */;
			buildSettings = {
				ASSETCATALOG_COMPILER_APPICON_NAME = AppIcon;
				ASSETCATALOG_COMPILER_LAUNCHIMAGE_NAME = LaunchImage;
				CODE_SIGN_IDENTITY = "iPhone Developer";
				FRAMEWORK_SEARCH_PATHS = (
					"$(inherited)",
					"/Users/keroxp/Development/iOS/Diamond/output/Debug-iphoneuniversal",
				);
				GCC_PRECOMPILE_PREFIX_HEADER = YES;
				GCC_PREFIX_HEADER = "DiamondExample/DiamondExample-Prefix.pch";
				INFOPLIST_FILE = "$(SRCROOT)/DiamondExample/DiamondExample-Info.plist";
				IPHONEOS_DEPLOYMENT_TARGET = 5.0;
				LIBRARY_SEARCH_PATHS = (
					"$(SRCROOT)/output/**",
					"/Users/keroxp/Development/iOS/Diamond/output/Debug-iphoneuniversal",
				);
				ONLY_ACTIVE_ARCH = NO;
				PRODUCT_NAME = DiamondExample;
				WRAPPER_EXTENSION = app;
			};
			name = Profile;
		};
		A6BE4739180BFD9A00C59C32 /* Debug */ = {
			isa = XCBuildConfiguration;
			baseConfigurationReference = A67797F5180C2508001BB0E9 /* iOS-StaticLibrary.xcconfig */;
			buildSettings = {
				DSTROOT = /tmp/Diamond.dst;
				FRAMEWORK_SEARCH_PATHS = (
					"$(inherited)",
					"/Users/keroxp/Development/iOS/Diamond/output/Debug-iphoneuniversal",
				);
				GCC_PRECOMPILE_PREFIX_HEADER = YES;
				GCC_PREFIX_HEADER = "Diamond/Diamond-Prefix.pch";
				GCC_PREPROCESSOR_DEFINITIONS = (
					"DEBUG=1",
					"$(inherited)",
				);
				INFOPLIST_FILE = "";
				IPHONEOS_DEPLOYMENT_TARGET = 5.0;
				LIBRARY_SEARCH_PATHS = (
					"$(inherited)",
					"/Users/keroxp/Development/iOS/Diamond/output/Debug-iphoneuniversal",
				);
				ONLY_ACTIVE_ARCH = NO;
				OTHER_LDFLAGS = (
					"-ObjC",
					"-all_load",
				);
				PRODUCT_NAME = "$(TARGET_NAME)";
				PUBLIC_HEADERS_FOLDER_PATH = /Headers;
				SKIP_INSTALL = YES;
			};
			name = Debug;
		};
		A6BE473A180BFD9A00C59C32 /* Release */ = {
			isa = XCBuildConfiguration;
			baseConfigurationReference = A67797F5180C2508001BB0E9 /* iOS-StaticLibrary.xcconfig */;
			buildSettings = {
				DSTROOT = /tmp/Diamond.dst;
				FRAMEWORK_SEARCH_PATHS = (
					"$(inherited)",
					"/Users/keroxp/Development/iOS/Diamond/output/Debug-iphoneuniversal",
				);
				GCC_PRECOMPILE_PREFIX_HEADER = YES;
				GCC_PREFIX_HEADER = "Diamond/Diamond-Prefix.pch";
				INFOPLIST_FILE = "";
				IPHONEOS_DEPLOYMENT_TARGET = 5.0;
				LIBRARY_SEARCH_PATHS = (
					"$(inherited)",
					"/Users/keroxp/Development/iOS/Diamond/output/Debug-iphoneuniversal",
				);
				ONLY_ACTIVE_ARCH = NO;
				OTHER_LDFLAGS = (
					"-ObjC",
					"-all_load",
				);
				PRODUCT_NAME = "$(TARGET_NAME)";
				PUBLIC_HEADERS_FOLDER_PATH = /Headers;
				SKIP_INSTALL = YES;
			};
			name = Release;
		};
		A6CD5EBD1809683300D4F6AD /* Debug */ = {
			isa = XCBuildConfiguration;
			baseConfigurationReference = A67797EB180C2508001BB0E9 /* Debug.xcconfig */;
			buildSettings = {
				ALWAYS_SEARCH_USER_PATHS = YES;
				ARCHS = (
					armv7,
					armv7s,
				);
				CLANG_CXX_LANGUAGE_STANDARD = "gnu++0x";
				CLANG_CXX_LIBRARY = "libc++";
				CLANG_ENABLE_MODULES = YES;
				CLANG_ENABLE_OBJC_ARC = YES;
				CLANG_WARN_BOOL_CONVERSION = YES;
				CLANG_WARN_CONSTANT_CONVERSION = YES;
				CLANG_WARN_DIRECT_OBJC_ISA_USAGE = YES_ERROR;
				CLANG_WARN_EMPTY_BODY = YES;
				CLANG_WARN_ENUM_CONVERSION = YES;
				CLANG_WARN_INT_CONVERSION = YES;
				CLANG_WARN_OBJC_ROOT_CLASS = YES_ERROR;
				CLANG_WARN__DUPLICATE_METHOD_MATCH = YES;
				"CODE_SIGN_IDENTITY[sdk=iphoneos*]" = "iPhone Developer";
				COPY_PHASE_STRIP = NO;
				FRAMEWORK_SEARCH_PATHS = (
					"\"$(inherited)\"",
					"${SRCTOOT}/output/**",
				);
				GCC_C_LANGUAGE_STANDARD = gnu99;
				GCC_DYNAMIC_NO_PIC = NO;
				GCC_OPTIMIZATION_LEVEL = 0;
				GCC_PREPROCESSOR_DEFINITIONS = (
					"DEBUG=1",
					"$(inherited)",
				);
				GCC_SYMBOLS_PRIVATE_EXTERN = NO;
				GCC_WARN_64_TO_32_BIT_CONVERSION = YES;
				GCC_WARN_ABOUT_RETURN_TYPE = YES_ERROR;
				GCC_WARN_UNDECLARED_SELECTOR = YES;
				GCC_WARN_UNINITIALIZED_AUTOS = YES;
				GCC_WARN_UNUSED_FUNCTION = YES;
				GCC_WARN_UNUSED_VARIABLE = YES;
				HEADER_SEARCH_PATHS = (
					"$(inherited)",
					/Applications/Xcode.app/Contents/Developer/Toolchains/XcodeDefault.xctoolchain/usr/include,
					"$(SRCROOT)/Kiwi/Classes/Core",
				);
				IPHONEOS_DEPLOYMENT_TARGET = 5.0;
				ONLY_ACTIVE_ARCH = YES;
				SDKROOT = iphoneos;
			};
			name = Debug;
		};
		A6CD5EBE1809683300D4F6AD /* Release */ = {
			isa = XCBuildConfiguration;
			baseConfigurationReference = A67797ED180C2508001BB0E9 /* Release.xcconfig */;
			buildSettings = {
				ALWAYS_SEARCH_USER_PATHS = YES;
				ARCHS = (
					armv7,
					armv7s,
				);
				CLANG_CXX_LANGUAGE_STANDARD = "gnu++0x";
				CLANG_CXX_LIBRARY = "libc++";
				CLANG_ENABLE_MODULES = YES;
				CLANG_ENABLE_OBJC_ARC = YES;
				CLANG_WARN_BOOL_CONVERSION = YES;
				CLANG_WARN_CONSTANT_CONVERSION = YES;
				CLANG_WARN_DIRECT_OBJC_ISA_USAGE = YES_ERROR;
				CLANG_WARN_EMPTY_BODY = YES;
				CLANG_WARN_ENUM_CONVERSION = YES;
				CLANG_WARN_INT_CONVERSION = YES;
				CLANG_WARN_OBJC_ROOT_CLASS = YES_ERROR;
				CLANG_WARN__DUPLICATE_METHOD_MATCH = YES;
				"CODE_SIGN_IDENTITY[sdk=iphoneos*]" = "iPhone Distribution";
				COPY_PHASE_STRIP = YES;
				ENABLE_NS_ASSERTIONS = NO;
				FRAMEWORK_SEARCH_PATHS = (
					"\"$(inherited)\"",
					"${SRCTOOT}/output/**",
				);
				GCC_C_LANGUAGE_STANDARD = gnu99;
				GCC_WARN_64_TO_32_BIT_CONVERSION = YES;
				GCC_WARN_ABOUT_RETURN_TYPE = YES_ERROR;
				GCC_WARN_UNDECLARED_SELECTOR = YES;
				GCC_WARN_UNINITIALIZED_AUTOS = YES;
				GCC_WARN_UNUSED_FUNCTION = YES;
				GCC_WARN_UNUSED_VARIABLE = YES;
				HEADER_SEARCH_PATHS = (
					"$(inherited)",
					/Applications/Xcode.app/Contents/Developer/Toolchains/XcodeDefault.xctoolchain/usr/include,
					"$(SRCROOT)/Kiwi/Classes/Core",
				);
				IPHONEOS_DEPLOYMENT_TARGET = 5.0;
				SDKROOT = iphoneos;
				VALIDATE_PRODUCT = YES;
			};
			name = Release;
		};
		A6CD5EC01809683300D4F6AD /* Debug */ = {
			isa = XCBuildConfiguration;
			baseConfigurationReference = A67797F3180C2508001BB0E9 /* iOS-Application.xcconfig */;
			buildSettings = {
				ASSETCATALOG_COMPILER_APPICON_NAME = AppIcon;
				ASSETCATALOG_COMPILER_LAUNCHIMAGE_NAME = LaunchImage;
				CODE_SIGN_IDENTITY = "iPhone Developer";
				FRAMEWORK_SEARCH_PATHS = (
					"$(inherited)",
					"/Users/keroxp/Development/iOS/Diamond/output/Debug-iphoneuniversal",
				);
				GCC_PRECOMPILE_PREFIX_HEADER = YES;
				GCC_PREFIX_HEADER = "DiamondExample/DiamondExample-Prefix.pch";
				INFOPLIST_FILE = "$(SRCROOT)/DiamondExample/DiamondExample-Info.plist";
				IPHONEOS_DEPLOYMENT_TARGET = 5.0;
				LIBRARY_SEARCH_PATHS = (
					"$(SRCROOT)/output/**",
					"/Users/keroxp/Development/iOS/Diamond/output/Debug-iphoneuniversal",
				);
				ONLY_ACTIVE_ARCH = NO;
				PRODUCT_NAME = DiamondExample;
				WRAPPER_EXTENSION = app;
			};
			name = Debug;
		};
		A6CD5EC11809683300D4F6AD /* Release */ = {
			isa = XCBuildConfiguration;
			baseConfigurationReference = A67797F3180C2508001BB0E9 /* iOS-Application.xcconfig */;
			buildSettings = {
				ASSETCATALOG_COMPILER_APPICON_NAME = AppIcon;
				ASSETCATALOG_COMPILER_LAUNCHIMAGE_NAME = LaunchImage;
				CODE_SIGN_IDENTITY = "iPhone Distribution";
				FRAMEWORK_SEARCH_PATHS = (
					"$(inherited)",
					"/Users/keroxp/Development/iOS/Diamond/output/Debug-iphoneuniversal",
				);
				GCC_PRECOMPILE_PREFIX_HEADER = YES;
				GCC_PREFIX_HEADER = "DiamondExample/DiamondExample-Prefix.pch";
				INFOPLIST_FILE = "$(SRCROOT)/DiamondExample/DiamondExample-Info.plist";
				IPHONEOS_DEPLOYMENT_TARGET = 5.0;
				LIBRARY_SEARCH_PATHS = (
					"$(SRCROOT)/output/**",
					"/Users/keroxp/Development/iOS/Diamond/output/Debug-iphoneuniversal",
				);
				ONLY_ACTIVE_ARCH = NO;
				PRODUCT_NAME = DiamondExample;
				WRAPPER_EXTENSION = app;
			};
			name = Release;
		};
/* End XCBuildConfiguration section */

/* Begin XCConfigurationList section */
		231CF021180E69E0001A5003 /* Build configuration list for PBXNativeTarget "DiamondTests" */ = {
			isa = XCConfigurationList;
			buildConfigurations = (
				231CF01D180E69E0001A5003 /* Debug */,
				231CF01E180E69E0001A5003 /* Test */,
				231CF01F180E69E0001A5003 /* Profile */,
				231CF020180E69E0001A5003 /* Release */,
			);
			defaultConfigurationIsVisible = 0;
			defaultConfigurationName = Release;
		};
		A61288BA1816366B0081908F /* Build configuration list for PBXAggregateTarget "Diamond-iOS" */ = {
			isa = XCConfigurationList;
			buildConfigurations = (
				A61288BB1816366B0081908F /* Debug */,
				A61288BC1816366B0081908F /* Test */,
				A61288BD1816366B0081908F /* Profile */,
				A61288BE1816366B0081908F /* Release */,
			);
			defaultConfigurationIsVisible = 0;
			defaultConfigurationName = Release;
		};
		A6BE4738180BFD9A00C59C32 /* Build configuration list for PBXNativeTarget "Diamond" */ = {
			isa = XCConfigurationList;
			buildConfigurations = (
				A6BE4739180BFD9A00C59C32 /* Debug */,
				A67797FE180C254F001BB0E9 /* Test */,
				A6779802180C2556001BB0E9 /* Profile */,
				A6BE473A180BFD9A00C59C32 /* Release */,
			);
			defaultConfigurationIsVisible = 0;
			defaultConfigurationName = Release;
		};
		A6CD5E881809683300D4F6AD /* Build configuration list for PBXProject "Diamond" */ = {
			isa = XCConfigurationList;
			buildConfigurations = (
				A6CD5EBD1809683300D4F6AD /* Debug */,
				A67797FD180C254F001BB0E9 /* Test */,
				A6779801180C2556001BB0E9 /* Profile */,
				A6CD5EBE1809683300D4F6AD /* Release */,
			);
			defaultConfigurationIsVisible = 0;
			defaultConfigurationName = Release;
		};
		A6CD5EBF1809683300D4F6AD /* Build configuration list for PBXNativeTarget "DiamondExample" */ = {
			isa = XCConfigurationList;
			buildConfigurations = (
				A6CD5EC01809683300D4F6AD /* Debug */,
				A6779800180C254F001BB0E9 /* Test */,
				A6779804180C2556001BB0E9 /* Profile */,
				A6CD5EC11809683300D4F6AD /* Release */,
			);
			defaultConfigurationIsVisible = 0;
			defaultConfigurationName = Release;
		};
/* End XCConfigurationList section */
	};
	rootObject = A6CD5E851809683300D4F6AD /* Project object */;
}
